// !$*UTF8*$!
{
	archiveVersion = 1;
	classes = {
	};
	objectVersion = 56;
	objects = {

/* Begin PBXBuildFile section */
		7722A33029D1878E00D8111A /* Session.swift in Sources */ = {isa = PBXBuildFile; fileRef = 7722A32F29D1878E00D8111A /* Session.swift */; };
		77548828298BCD9D0043805A /* LikeControl.swift in Sources */ = {isa = PBXBuildFile; fileRef = 77548827298BCD9D0043805A /* LikeControl.swift */; };
		7765570A29B9E35F0011B080 /* GradientView.swift in Sources */ = {isa = PBXBuildFile; fileRef = 7765570929B9E35F0011B080 /* GradientView.swift */; };
		7765570C29BB3ECD0011B080 /* SectionHeaderView.swift in Sources */ = {isa = PBXBuildFile; fileRef = 7765570B29BB3ECD0011B080 /* SectionHeaderView.swift */; };
		7765570E29BB3EE10011B080 /* SectionHeaderView.xib in Resources */ = {isa = PBXBuildFile; fileRef = 7765570D29BB3EE10011B080 /* SectionHeaderView.xib */; };
		7765571029BB53560011B080 /* WeatherLayout.swift in Sources */ = {isa = PBXBuildFile; fileRef = 7765570F29BB53560011B080 /* WeatherLayout.swift */; };
		7782D29429D2CEC0001EE5C1 /* Alamofire in Frameworks */ = {isa = PBXBuildFile; productRef = 7782D29329D2CEC0001EE5C1 /* Alamofire */; };
		7782D29729D2D3FE001EE5C1 /* WeatherAPIServices.swift in Sources */ = {isa = PBXBuildFile; fileRef = 7782D29629D2D3FE001EE5C1 /* WeatherAPIServices.swift */; };
		77932FD229C9C53D00F1A102 /* PushAnimator.swift in Sources */ = {isa = PBXBuildFile; fileRef = 77932FD129C9C53D00F1A102 /* PushAnimator.swift */; };
		77932FD429C9C74000F1A102 /* Hello2VC.swift in Sources */ = {isa = PBXBuildFile; fileRef = 77932FD329C9C74000F1A102 /* Hello2VC.swift */; };
		77932FD629C9D4E900F1A102 /* CustomSegue.swift in Sources */ = {isa = PBXBuildFile; fileRef = 77932FD529C9D4E900F1A102 /* CustomSegue.swift */; };
		77BACDA2297FD50D00AA63F5 /* AppDelegate.swift in Sources */ = {isa = PBXBuildFile; fileRef = 77BACDA1297FD50D00AA63F5 /* AppDelegate.swift */; };
		77BACDA4297FD50D00AA63F5 /* SceneDelegate.swift in Sources */ = {isa = PBXBuildFile; fileRef = 77BACDA3297FD50D00AA63F5 /* SceneDelegate.swift */; };
		77BACDA6297FD50D00AA63F5 /* LoginViewController.swift in Sources */ = {isa = PBXBuildFile; fileRef = 77BACDA5297FD50D00AA63F5 /* LoginViewController.swift */; };
		77BACDA9297FD50D00AA63F5 /* Main.storyboard in Resources */ = {isa = PBXBuildFile; fileRef = 77BACDA7297FD50D00AA63F5 /* Main.storyboard */; };
		77BACDAB297FD51200AA63F5 /* Assets.xcassets in Resources */ = {isa = PBXBuildFile; fileRef = 77BACDAA297FD51200AA63F5 /* Assets.xcassets */; };
		77BACDAE297FD51200AA63F5 /* LaunchScreen.storyboard in Resources */ = {isa = PBXBuildFile; fileRef = 77BACDAC297FD51200AA63F5 /* LaunchScreen.storyboard */; };
		77BACDB6297FD53E00AA63F5 /* .gitignore in Resources */ = {isa = PBXBuildFile; fileRef = 77BACDB5297FD53E00AA63F5 /* .gitignore */; };
		77BACDD8297FF2A800AA63F5 /* HelloViewController.swift in Sources */ = {isa = PBXBuildFile; fileRef = 77BACDD7297FF2A800AA63F5 /* HelloViewController.swift */; };
		77BACDDA297FF94400AA63F5 /* TableViewController.swift in Sources */ = {isa = PBXBuildFile; fileRef = 77BACDD9297FF94400AA63F5 /* TableViewController.swift */; };
		77BACDE0298121A400AA63F5 /* CitiesViewController.swift in Sources */ = {isa = PBXBuildFile; fileRef = 77BACDDF298121A400AA63F5 /* CitiesViewController.swift */; };
		77BACDE229812FB300AA63F5 /* CityCell.swift in Sources */ = {isa = PBXBuildFile; fileRef = 77BACDE129812FB300AA63F5 /* CityCell.swift */; };
		77BACDE42981432300AA63F5 /* WeatherViewController.swift in Sources */ = {isa = PBXBuildFile; fileRef = 77BACDE32981432300AA63F5 /* WeatherViewController.swift */; };
		77BACDE62981440400AA63F5 /* WeatherData.swift in Sources */ = {isa = PBXBuildFile; fileRef = 77BACDE52981440400AA63F5 /* WeatherData.swift */; };
		77BACDE8298145F700AA63F5 /* WeatherCell.swift in Sources */ = {isa = PBXBuildFile; fileRef = 77BACDE7298145F700AA63F5 /* WeatherCell.swift */; };
		77BACE012987ECDD00AA63F5 /* TestViewController.swift in Sources */ = {isa = PBXBuildFile; fileRef = 77BACE002987ECDD00AA63F5 /* TestViewController.swift */; };
		77BACE052989188200AA63F5 /* WeekDayPicker.swift in Sources */ = {isa = PBXBuildFile; fileRef = 77BACE042989188200AA63F5 /* WeekDayPicker.swift */; };
/* End PBXBuildFile section */

/* Begin PBXFileReference section */
		7722A32F29D1878E00D8111A /* Session.swift */ = {isa = PBXFileReference; lastKnownFileType = sourcecode.swift; path = Session.swift; sourceTree = "<group>"; };
		77548827298BCD9D0043805A /* LikeControl.swift */ = {isa = PBXFileReference; lastKnownFileType = sourcecode.swift; path = LikeControl.swift; sourceTree = "<group>"; };
		7765570929B9E35F0011B080 /* GradientView.swift */ = {isa = PBXFileReference; lastKnownFileType = sourcecode.swift; path = GradientView.swift; sourceTree = "<group>"; };
		7765570B29BB3ECD0011B080 /* SectionHeaderView.swift */ = {isa = PBXFileReference; lastKnownFileType = sourcecode.swift; path = SectionHeaderView.swift; sourceTree = "<group>"; };
		7765570D29BB3EE10011B080 /* SectionHeaderView.xib */ = {isa = PBXFileReference; lastKnownFileType = file.xib; path = SectionHeaderView.xib; sourceTree = "<group>"; };
		7765570F29BB53560011B080 /* WeatherLayout.swift */ = {isa = PBXFileReference; lastKnownFileType = sourcecode.swift; path = WeatherLayout.swift; sourceTree = "<group>"; };
		7782D29629D2D3FE001EE5C1 /* WeatherAPIServices.swift */ = {isa = PBXFileReference; lastKnownFileType = sourcecode.swift; path = WeatherAPIServices.swift; sourceTree = "<group>"; };
		77932FD129C9C53D00F1A102 /* PushAnimator.swift */ = {isa = PBXFileReference; lastKnownFileType = sourcecode.swift; path = PushAnimator.swift; sourceTree = "<group>"; };
		77932FD329C9C74000F1A102 /* Hello2VC.swift */ = {isa = PBXFileReference; lastKnownFileType = sourcecode.swift; path = Hello2VC.swift; sourceTree = "<group>"; };
		77932FD529C9D4E900F1A102 /* CustomSegue.swift */ = {isa = PBXFileReference; lastKnownFileType = sourcecode.swift; path = CustomSegue.swift; sourceTree = "<group>"; };
		77BACD9E297FD50D00AA63F5 /* WeatherWeather.app */ = {isa = PBXFileReference; explicitFileType = wrapper.application; includeInIndex = 0; path = WeatherWeather.app; sourceTree = BUILT_PRODUCTS_DIR; };
		77BACDA1297FD50D00AA63F5 /* AppDelegate.swift */ = {isa = PBXFileReference; lastKnownFileType = sourcecode.swift; path = AppDelegate.swift; sourceTree = "<group>"; };
		77BACDA3297FD50D00AA63F5 /* SceneDelegate.swift */ = {isa = PBXFileReference; lastKnownFileType = sourcecode.swift; path = SceneDelegate.swift; sourceTree = "<group>"; };
		77BACDA5297FD50D00AA63F5 /* LoginViewController.swift */ = {isa = PBXFileReference; lastKnownFileType = sourcecode.swift; path = LoginViewController.swift; sourceTree = "<group>"; };
		77BACDA8297FD50D00AA63F5 /* Base */ = {isa = PBXFileReference; lastKnownFileType = file.storyboard; name = Base; path = Base.lproj/Main.storyboard; sourceTree = "<group>"; };
		77BACDAA297FD51200AA63F5 /* Assets.xcassets */ = {isa = PBXFileReference; lastKnownFileType = folder.assetcatalog; path = Assets.xcassets; sourceTree = "<group>"; };
		77BACDAD297FD51200AA63F5 /* Base */ = {isa = PBXFileReference; lastKnownFileType = file.storyboard; name = Base; path = Base.lproj/LaunchScreen.storyboard; sourceTree = "<group>"; };
		77BACDAF297FD51200AA63F5 /* Info.plist */ = {isa = PBXFileReference; lastKnownFileType = text.plist.xml; path = Info.plist; sourceTree = "<group>"; };
		77BACDB5297FD53E00AA63F5 /* .gitignore */ = {isa = PBXFileReference; lastKnownFileType = text; path = .gitignore; sourceTree = "<group>"; };
		77BACDD7297FF2A800AA63F5 /* HelloViewController.swift */ = {isa = PBXFileReference; lastKnownFileType = sourcecode.swift; path = HelloViewController.swift; sourceTree = "<group>"; };
		77BACDD9297FF94400AA63F5 /* TableViewController.swift */ = {isa = PBXFileReference; lastKnownFileType = sourcecode.swift; path = TableViewController.swift; sourceTree = "<group>"; };
		77BACDDF298121A400AA63F5 /* CitiesViewController.swift */ = {isa = PBXFileReference; lastKnownFileType = sourcecode.swift; path = CitiesViewController.swift; sourceTree = "<group>"; };
		77BACDE129812FB300AA63F5 /* CityCell.swift */ = {isa = PBXFileReference; lastKnownFileType = sourcecode.swift; path = CityCell.swift; sourceTree = "<group>"; };
		77BACDE32981432300AA63F5 /* WeatherViewController.swift */ = {isa = PBXFileReference; lastKnownFileType = sourcecode.swift; path = WeatherViewController.swift; sourceTree = "<group>"; };
		77BACDE52981440400AA63F5 /* WeatherData.swift */ = {isa = PBXFileReference; lastKnownFileType = sourcecode.swift; path = WeatherData.swift; sourceTree = "<group>"; };
		77BACDE7298145F700AA63F5 /* WeatherCell.swift */ = {isa = PBXFileReference; lastKnownFileType = sourcecode.swift; path = WeatherCell.swift; sourceTree = "<group>"; };
		77BACE002987ECDD00AA63F5 /* TestViewController.swift */ = {isa = PBXFileReference; lastKnownFileType = sourcecode.swift; path = TestViewController.swift; sourceTree = "<group>"; };
		77BACE042989188200AA63F5 /* WeekDayPicker.swift */ = {isa = PBXFileReference; lastKnownFileType = sourcecode.swift; path = WeekDayPicker.swift; sourceTree = "<group>"; };
/* End PBXFileReference section */

/* Begin PBXFrameworksBuildPhase section */
		77BACD9B297FD50D00AA63F5 /* Frameworks */ = {
			isa = PBXFrameworksBuildPhase;
			buildActionMask = 2147483647;
			files = (
				7782D29429D2CEC0001EE5C1 /* Alamofire in Frameworks */,
			);
			runOnlyForDeploymentPostprocessing = 0;
		};
/* End PBXFrameworksBuildPhase section */

/* Begin PBXGroup section */
		7782D29529D2D3D2001EE5C1 /* Services */ = {
			isa = PBXGroup;
			children = (
				7782D29629D2D3FE001EE5C1 /* WeatherAPIServices.swift */,
			);
			path = Services;
			sourceTree = "<group>";
		};
		77BACD95297FD50D00AA63F5 = {
			isa = PBXGroup;
			children = (
				77BACDB5297FD53E00AA63F5 /* .gitignore */,
				77BACDA0297FD50D00AA63F5 /* WeatherWeather */,
				77BACD9F297FD50D00AA63F5 /* Products */,
			);
			sourceTree = "<group>";
		};
		77BACD9F297FD50D00AA63F5 /* Products */ = {
			isa = PBXGroup;
			children = (
				77BACD9E297FD50D00AA63F5 /* WeatherWeather.app */,
			);
			name = Products;
			sourceTree = "<group>";
		};
		77BACDA0297FD50D00AA63F5 /* WeatherWeather */ = {
			isa = PBXGroup;
			children = (
				7782D29529D2D3D2001EE5C1 /* Services */,
				77BACDA1297FD50D00AA63F5 /* AppDelegate.swift */,
				77BACDA3297FD50D00AA63F5 /* SceneDelegate.swift */,
				77BACE042989188200AA63F5 /* WeekDayPicker.swift */,
				7765570929B9E35F0011B080 /* GradientView.swift */,
				77BACDA5297FD50D00AA63F5 /* LoginViewController.swift */,
				77BACDA7297FD50D00AA63F5 /* Main.storyboard */,
				7765570F29BB53560011B080 /* WeatherLayout.swift */,
				77BACE002987ECDD00AA63F5 /* TestViewController.swift */,
				77BACDE7298145F700AA63F5 /* WeatherCell.swift */,
				77BACDE32981432300AA63F5 /* WeatherViewController.swift */,
				77BACDE52981440400AA63F5 /* WeatherData.swift */,
				77BACDDF298121A400AA63F5 /* CitiesViewController.swift */,
				7765570B29BB3ECD0011B080 /* SectionHeaderView.swift */,
				7765570D29BB3EE10011B080 /* SectionHeaderView.xib */,
				77548827298BCD9D0043805A /* LikeControl.swift */,
				77BACDE129812FB300AA63F5 /* CityCell.swift */,
				7722A32F29D1878E00D8111A /* Session.swift */,
				77BACDD7297FF2A800AA63F5 /* HelloViewController.swift */,
				77932FD529C9D4E900F1A102 /* CustomSegue.swift */,
				77932FD329C9C74000F1A102 /* Hello2VC.swift */,
				77932FD129C9C53D00F1A102 /* PushAnimator.swift */,
				77BACDD9297FF94400AA63F5 /* TableViewController.swift */,
				77BACDAA297FD51200AA63F5 /* Assets.xcassets */,
				77BACDAC297FD51200AA63F5 /* LaunchScreen.storyboard */,
				77BACDAF297FD51200AA63F5 /* Info.plist */,
			);
			path = WeatherWeather;
			sourceTree = "<group>";
		};
/* End PBXGroup section */

/* Begin PBXNativeTarget section */
		77BACD9D297FD50D00AA63F5 /* WeatherWeather */ = {
			isa = PBXNativeTarget;
			buildConfigurationList = 77BACDB2297FD51200AA63F5 /* Build configuration list for PBXNativeTarget "WeatherWeather" */;
			buildPhases = (
				77BACD9A297FD50D00AA63F5 /* Sources */,
				77BACD9B297FD50D00AA63F5 /* Frameworks */,
				77BACD9C297FD50D00AA63F5 /* Resources */,
			);
			buildRules = (
			);
			dependencies = (
			);
			name = WeatherWeather;
			packageProductDependencies = (
				7782D29329D2CEC0001EE5C1 /* Alamofire */,
			);
			productName = WeatherWeather;
			productReference = 77BACD9E297FD50D00AA63F5 /* WeatherWeather.app */;
			productType = "com.apple.product-type.application";
		};
/* End PBXNativeTarget section */

/* Begin PBXProject section */
		77BACD96297FD50D00AA63F5 /* Project object */ = {
			isa = PBXProject;
			attributes = {
				BuildIndependentTargetsInParallel = 1;
				LastSwiftUpdateCheck = 1410;
				LastUpgradeCheck = 1410;
				TargetAttributes = {
					77BACD9D297FD50D00AA63F5 = {
						CreatedOnToolsVersion = 14.1;
					};
				};
			};
			buildConfigurationList = 77BACD99297FD50D00AA63F5 /* Build configuration list for PBXProject "WeatherWeather" */;
			compatibilityVersion = "Xcode 14.0";
			developmentRegion = en;
			hasScannedForEncodings = 0;
			knownRegions = (
				en,
				Base,
			);
			mainGroup = 77BACD95297FD50D00AA63F5;
			packageReferences = (
				7782D29229D2CEC0001EE5C1 /* XCRemoteSwiftPackageReference "Alamofire" */,
			);
			productRefGroup = 77BACD9F297FD50D00AA63F5 /* Products */;
			projectDirPath = "";
			projectRoot = "";
			targets = (
				77BACD9D297FD50D00AA63F5 /* WeatherWeather */,
			);
		};
/* End PBXProject section */

/* Begin PBXResourcesBuildPhase section */
		77BACD9C297FD50D00AA63F5 /* Resources */ = {
			isa = PBXResourcesBuildPhase;
			buildActionMask = 2147483647;
			files = (
				77BACDB6297FD53E00AA63F5 /* .gitignore in Resources */,
				77BACDAE297FD51200AA63F5 /* LaunchScreen.storyboard in Resources */,
				7765570E29BB3EE10011B080 /* SectionHeaderView.xib in Resources */,
				77BACDAB297FD51200AA63F5 /* Assets.xcassets in Resources */,
				77BACDA9297FD50D00AA63F5 /* Main.storyboard in Resources */,
			);
			runOnlyForDeploymentPostprocessing = 0;
		};
/* End PBXResourcesBuildPhase section */

/* Begin PBXSourcesBuildPhase section */
		77BACD9A297FD50D00AA63F5 /* Sources */ = {
			isa = PBXSourcesBuildPhase;
			buildActionMask = 2147483647;
			files = (
				7722A33029D1878E00D8111A /* Session.swift in Sources */,
				77BACDA6297FD50D00AA63F5 /* LoginViewController.swift in Sources */,
				77BACDA2297FD50D00AA63F5 /* AppDelegate.swift in Sources */,
				77548828298BCD9D0043805A /* LikeControl.swift in Sources */,
				77BACE052989188200AA63F5 /* WeekDayPicker.swift in Sources */,
				7765570A29B9E35F0011B080 /* GradientView.swift in Sources */,
				77BACE012987ECDD00AA63F5 /* TestViewController.swift in Sources */,
				77932FD629C9D4E900F1A102 /* CustomSegue.swift in Sources */,
				77BACDE8298145F700AA63F5 /* WeatherCell.swift in Sources */,
				7765570C29BB3ECD0011B080 /* SectionHeaderView.swift in Sources */,
				7782D29729D2D3FE001EE5C1 /* WeatherAPIServices.swift in Sources */,
				77BACDA4297FD50D00AA63F5 /* SceneDelegate.swift in Sources */,
				77BACDE0298121A400AA63F5 /* CitiesViewController.swift in Sources */,
				77932FD429C9C74000F1A102 /* Hello2VC.swift in Sources */,
				77BACDDA297FF94400AA63F5 /* TableViewController.swift in Sources */,
				77BACDE42981432300AA63F5 /* WeatherViewController.swift in Sources */,
				7765571029BB53560011B080 /* WeatherLayout.swift in Sources */,
				77BACDE229812FB300AA63F5 /* CityCell.swift in Sources */,
				77BACDE62981440400AA63F5 /* WeatherData.swift in Sources */,
				77BACDD8297FF2A800AA63F5 /* HelloViewController.swift in Sources */,
				77932FD229C9C53D00F1A102 /* PushAnimator.swift in Sources */,
			);
			runOnlyForDeploymentPostprocessing = 0;
		};
/* End PBXSourcesBuildPhase section */

/* Begin PBXVariantGroup section */
		77BACDA7297FD50D00AA63F5 /* Main.storyboard */ = {
			isa = PBXVariantGroup;
			children = (
				77BACDA8297FD50D00AA63F5 /* Base */,
			);
			name = Main.storyboard;
			sourceTree = "<group>";
		};
		77BACDAC297FD51200AA63F5 /* LaunchScreen.storyboard */ = {
			isa = PBXVariantGroup;
			children = (
				77BACDAD297FD51200AA63F5 /* Base */,
			);
			name = LaunchScreen.storyboard;
			sourceTree = "<group>";
		};
/* End PBXVariantGroup section */

/* Begin XCBuildConfiguration section */
		77BACDB0297FD51200AA63F5 /* Debug */ = {
			isa = XCBuildConfiguration;
			buildSettings = {
				ALWAYS_SEARCH_USER_PATHS = NO;
				CLANG_ANALYZER_NONNULL = YES;
				CLANG_ANALYZER_NUMBER_OBJECT_CONVERSION = YES_AGGRESSIVE;
				CLANG_CXX_LANGUAGE_STANDARD = "gnu++20";
				CLANG_ENABLE_MODULES = YES;
				CLANG_ENABLE_OBJC_ARC = YES;
				CLANG_ENABLE_OBJC_WEAK = YES;
				CLANG_WARN_BLOCK_CAPTURE_AUTORELEASING = YES;
				CLANG_WARN_BOOL_CONVERSION = YES;
				CLANG_WARN_COMMA = YES;
				CLANG_WARN_CONSTANT_CONVERSION = YES;
				CLANG_WARN_DEPRECATED_OBJC_IMPLEMENTATIONS = YES;
				CLANG_WARN_DIRECT_OBJC_ISA_USAGE = YES_ERROR;
				CLANG_WARN_DOCUMENTATION_COMMENTS = YES;
				CLANG_WARN_EMPTY_BODY = YES;
				CLANG_WARN_ENUM_CONVERSION = YES;
				CLANG_WARN_INFINITE_RECURSION = YES;
				CLANG_WARN_INT_CONVERSION = YES;
				CLANG_WARN_NON_LITERAL_NULL_CONVERSION = YES;
				CLANG_WARN_OBJC_IMPLICIT_RETAIN_SELF = YES;
				CLANG_WARN_OBJC_LITERAL_CONVERSION = YES;
				CLANG_WARN_OBJC_ROOT_CLASS = YES_ERROR;
				CLANG_WARN_QUOTED_INCLUDE_IN_FRAMEWORK_HEADER = YES;
				CLANG_WARN_RANGE_LOOP_ANALYSIS = YES;
				CLANG_WARN_STRICT_PROTOTYPES = YES;
				CLANG_WARN_SUSPICIOUS_MOVE = YES;
				CLANG_WARN_UNGUARDED_AVAILABILITY = YES_AGGRESSIVE;
				CLANG_WARN_UNREACHABLE_CODE = YES;
				CLANG_WARN__DUPLICATE_METHOD_MATCH = YES;
				COPY_PHASE_STRIP = NO;
				DEBUG_INFORMATION_FORMAT = dwarf;
				ENABLE_STRICT_OBJC_MSGSEND = YES;
				ENABLE_TESTABILITY = YES;
				GCC_C_LANGUAGE_STANDARD = gnu11;
				GCC_DYNAMIC_NO_PIC = NO;
				GCC_NO_COMMON_BLOCKS = YES;
				GCC_OPTIMIZATION_LEVEL = 0;
				GCC_PREPROCESSOR_DEFINITIONS = (
					"DEBUG=1",
					"$(inherited)",
				);
				GCC_WARN_64_TO_32_BIT_CONVERSION = YES;
				GCC_WARN_ABOUT_RETURN_TYPE = YES_ERROR;
				GCC_WARN_UNDECLARED_SELECTOR = YES;
				GCC_WARN_UNINITIALIZED_AUTOS = YES_AGGRESSIVE;
				GCC_WARN_UNUSED_FUNCTION = YES;
				GCC_WARN_UNUSED_VARIABLE = YES;
				IPHONEOS_DEPLOYMENT_TARGET = 16.1;
				MTL_ENABLE_DEBUG_INFO = INCLUDE_SOURCE;
				MTL_FAST_MATH = YES;
				ONLY_ACTIVE_ARCH = YES;
				SDKROOT = iphoneos;
				SWIFT_ACTIVE_COMPILATION_CONDITIONS = DEBUG;
				SWIFT_OPTIMIZATION_LEVEL = "-Onone";
			};
			name = Debug;
		};
		77BACDB1297FD51200AA63F5 /* Release */ = {
			isa = XCBuildConfiguration;
			buildSettings = {
				ALWAYS_SEARCH_USER_PATHS = NO;
				CLANG_ANALYZER_NONNULL = YES;
				CLANG_ANALYZER_NUMBER_OBJECT_CONVERSION = YES_AGGRESSIVE;
				CLANG_CXX_LANGUAGE_STANDARD = "gnu++20";
				CLANG_ENABLE_MODULES = YES;
				CLANG_ENABLE_OBJC_ARC = YES;
				CLANG_ENABLE_OBJC_WEAK = YES;
				CLANG_WARN_BLOCK_CAPTURE_AUTORELEASING = YES;
				CLANG_WARN_BOOL_CONVERSION = YES;
				CLANG_WARN_COMMA = YES;
				CLANG_WARN_CONSTANT_CONVERSION = YES;
				CLANG_WARN_DEPRECATED_OBJC_IMPLEMENTATIONS = YES;
				CLANG_WARN_DIRECT_OBJC_ISA_USAGE = YES_ERROR;
				CLANG_WARN_DOCUMENTATION_COMMENTS = YES;
				CLANG_WARN_EMPTY_BODY = YES;
				CLANG_WARN_ENUM_CONVERSION = YES;
				CLANG_WARN_INFINITE_RECURSION = YES;
				CLANG_WARN_INT_CONVERSION = YES;
				CLANG_WARN_NON_LITERAL_NULL_CONVERSION = YES;
				CLANG_WARN_OBJC_IMPLICIT_RETAIN_SELF = YES;
				CLANG_WARN_OBJC_LITERAL_CONVERSION = YES;
				CLANG_WARN_OBJC_ROOT_CLASS = YES_ERROR;
				CLANG_WARN_QUOTED_INCLUDE_IN_FRAMEWORK_HEADER = YES;
				CLANG_WARN_RANGE_LOOP_ANALYSIS = YES;
				CLANG_WARN_STRICT_PROTOTYPES = YES;
				CLANG_WARN_SUSPICIOUS_MOVE = YES;
				CLANG_WARN_UNGUARDED_AVAILABILITY = YES_AGGRESSIVE;
				CLANG_WARN_UNREACHABLE_CODE = YES;
				CLANG_WARN__DUPLICATE_METHOD_MATCH = YES;
				COPY_PHASE_STRIP = NO;
				DEBUG_INFORMATION_FORMAT = "dwarf-with-dsym";
				ENABLE_NS_ASSERTIONS = NO;
				ENABLE_STRICT_OBJC_MSGSEND = YES;
				GCC_C_LANGUAGE_STANDARD = gnu11;
				GCC_NO_COMMON_BLOCKS = YES;
				GCC_WARN_64_TO_32_BIT_CONVERSION = YES;
				GCC_WARN_ABOUT_RETURN_TYPE = YES_ERROR;
				GCC_WARN_UNDECLARED_SELECTOR = YES;
				GCC_WARN_UNINITIALIZED_AUTOS = YES_AGGRESSIVE;
				GCC_WARN_UNUSED_FUNCTION = YES;
				GCC_WARN_UNUSED_VARIABLE = YES;
				IPHONEOS_DEPLOYMENT_TARGET = 16.1;
				MTL_ENABLE_DEBUG_INFO = NO;
				MTL_FAST_MATH = YES;
				SDKROOT = iphoneos;
				SWIFT_COMPILATION_MODE = wholemodule;
				SWIFT_OPTIMIZATION_LEVEL = "-O";
				VALIDATE_PRODUCT = YES;
			};
			name = Release;
		};
		77BACDB3297FD51200AA63F5 /* Debug */ = {
			isa = XCBuildConfiguration;
			buildSettings = {
				ASSETCATALOG_COMPILER_APPICON_NAME = AppIcon;
				ASSETCATALOG_COMPILER_GLOBAL_ACCENT_COLOR_NAME = AccentColor;
				CODE_SIGN_STYLE = Automatic;
				CURRENT_PROJECT_VERSION = 1;
				GENERATE_INFOPLIST_FILE = YES;
				INFOPLIST_FILE = WeatherWeather/Info.plist;
				INFOPLIST_KEY_UIApplicationSupportsIndirectInputEvents = YES;
				INFOPLIST_KEY_UILaunchStoryboardName = LaunchScreen;
				INFOPLIST_KEY_UIMainStoryboardFile = Main;
				INFOPLIST_KEY_UISupportedInterfaceOrientations_iPad = "UIInterfaceOrientationPortrait UIInterfaceOrientationPortraitUpsideDown UIInterfaceOrientationLandscapeLeft UIInterfaceOrientationLandscapeRight";
				INFOPLIST_KEY_UISupportedInterfaceOrientations_iPhone = "UIInterfaceOrientationPortrait UIInterfaceOrientationLandscapeLeft UIInterfaceOrientationLandscapeRight";
				LD_RUNPATH_SEARCH_PATHS = (
					"$(inherited)",
					"@executable_path/Frameworks",
				);
				MARKETING_VERSION = 1.0;
				PRODUCT_BUNDLE_IDENTIFIER = MaksimLopatin.WeatherWeather;
				PRODUCT_NAME = "$(TARGET_NAME)";
				SWIFT_EMIT_LOC_STRINGS = YES;
				SWIFT_VERSION = 5.0;
				TARGETED_DEVICE_FAMILY = "1,2";
			};
			name = Debug;
		};
		77BACDB4297FD51200AA63F5 /* Release */ = {
			isa = XCBuildConfiguration;
			buildSettings = {
				ASSETCATALOG_COMPILER_APPICON_NAME = AppIcon;
				ASSETCATALOG_COMPILER_GLOBAL_ACCENT_COLOR_NAME = AccentColor;
				CODE_SIGN_STYLE = Automatic;
				CURRENT_PROJECT_VERSION = 1;
				GENERATE_INFOPLIST_FILE = YES;
				INFOPLIST_FILE = WeatherWeather/Info.plist;
				INFOPLIST_KEY_UIApplicationSupportsIndirectInputEvents = YES;
				INFOPLIST_KEY_UILaunchStoryboardName = LaunchScreen;
				INFOPLIST_KEY_UIMainStoryboardFile = Main;
				INFOPLIST_KEY_UISupportedInterfaceOrientations_iPad = "UIInterfaceOrientationPortrait UIInterfaceOrientationPortraitUpsideDown UIInterfaceOrientationLandscapeLeft UIInterfaceOrientationLandscapeRight";
				INFOPLIST_KEY_UISupportedInterfaceOrientations_iPhone = "UIInterfaceOrientationPortrait UIInterfaceOrientationLandscapeLeft UIInterfaceOrientationLandscapeRight";
				LD_RUNPATH_SEARCH_PATHS = (
					"$(inherited)",
					"@executable_path/Frameworks",
				);
				MARKETING_VERSION = 1.0;
				PRODUCT_BUNDLE_IDENTIFIER = MaksimLopatin.WeatherWeather;
				PRODUCT_NAME = "$(TARGET_NAME)";
				SWIFT_EMIT_LOC_STRINGS = YES;
				SWIFT_VERSION = 5.0;
				TARGETED_DEVICE_FAMILY = "1,2";
			};
			name = Release;
		};
/* End XCBuildConfiguration section */

/* Begin XCConfigurationList section */
		77BACD99297FD50D00AA63F5 /* Build configuration list for PBXProject "WeatherWeather" */ = {
			isa = XCConfigurationList;
			buildConfigurations = (
				77BACDB0297FD51200AA63F5 /* Debug */,
				77BACDB1297FD51200AA63F5 /* Release */,
			);
			defaultConfigurationIsVisible = 0;
			defaultConfigurationName = Release;
		};
		77BACDB2297FD51200AA63F5 /* Build configuration list for PBXNativeTarget "WeatherWeather" */ = {
			isa = XCConfigurationList;
			buildConfigurations = (
				77BACDB3297FD51200AA63F5 /* Debug */,
				77BACDB4297FD51200AA63F5 /* Release */,
			);
			defaultConfigurationIsVisible = 0;
			defaultConfigurationName = Release;
		};
/* End XCConfigurationList section */

/* Begin XCRemoteSwiftPackageReference section */
		7782D29229D2CEC0001EE5C1 /* XCRemoteSwiftPackageReference "Alamofire" */ = {
			isa = XCRemoteSwiftPackageReference;
			repositoryURL = "https://github.com/Alamofire/Alamofire.git";
			requirement = {
				kind = upToNextMajorVersion;
				minimumVersion = 5.0.0;
			};
		};
/* End XCRemoteSwiftPackageReference section */

/* Begin XCSwiftPackageProductDependency section */
		7782D29329D2CEC0001EE5C1 /* Alamofire */ = {
			isa = XCSwiftPackageProductDependency;
			package = 7782D29229D2CEC0001EE5C1 /* XCRemoteSwiftPackageReference "Alamofire" */;
			productName = Alamofire;
		};
/* End XCSwiftPackageProductDependency section */
	};
	rootObject = 77BACD96297FD50D00AA63F5 /* Project object */;
}
